
Microsoft Visual Studio Solution File, Format Version 12.00
# Visual Studio 15
VisualStudioVersion = 15.0.28307.271
MinimumVisualStudioVersion = 10.0.40219.1
Project("{FAE04EC0-301F-11D3-BF4B-00C04F79EFBC}") = "JsonTestApp", "JsonTestApp\JsonTestApp.csproj", "{D7B1E66A-6E56-4855-976A-0BF49511387E}"
EndProject
Project("{2150E333-8FDC-42A3-9474-1A3956D46DE8}") = "Solution Items", "Solution Items", "{084BA619-1A79-477C-AFCE-D0662ACBDAA4}"
	ProjectSection(SolutionItems) = preProject
		JsonTestApp\bin\Debug\dataModel.json = JsonTestApp\bin\Debug\dataModel.json
		JsonTestApp\bin\Debug\documents.json = JsonTestApp\bin\Debug\documents.json
		JsonTestApp\bin\Debug\output2.txt = JsonTestApp\bin\Debug\output2.txt
		JsonTestApp\bin\Debug\x.json = JsonTestApp\bin\Debug\x.json
	EndProjectSection
EndProject
Project("{FAE04EC0-301F-11D3-BF4B-00C04F79EFBC}") = "JsonTestProject", "JsonTestProject\JsonTestProject.csproj", "{ADB26387-6FDF-4618-9372-2A4A20872E0A}"
EndProject
Global
	GlobalSection(SolutionConfigurationPlatforms) = preSolution
		Debug|Any CPU = Debug|Any CPU
		Release|Any CPU = Release|Any CPU
	EndGlobalSection
	GlobalSection(ProjectConfigurationPlatforms) = postSolution
		{D7B1E66A-6E56-4855-976A-0BF49511387E}.Debug|Any CPU.ActiveCfg = Debug|Any CPU
		{D7B1E66A-6E56-4855-976A-0BF49511387E}.Debug|Any CPU.Build.0 = Debug|Any CPU
		{D7B1E66A-6E56-4855-976A-0BF49511387E}.Release|Any CPU.ActiveCfg = Release|Any CPU
		{D7B1E66A-6E56-4855-976A-0BF49511387E}.Release|Any CPU.Build.0 = Release|Any CPU
		{ADB26387-6FDF-4618-9372-2A4A20872E0A}.Debug|Any CPU.ActiveCfg = Debug|Any CPU
		{ADB26387-6FDF-4618-9372-2A4A20872E0A}.Debug|Any CPU.Build.0 = Debug|Any CPU
		{ADB26387-6FDF-4618-9372-2A4A20872E0A}.Release|Any CPU.ActiveCfg = Release|Any CPU
		{ADB26387-6FDF-4618-9372-2A4A20872E0A}.Release|Any CPU.Build.0 = Release|Any CPU
	EndGlobalSection
	GlobalSection(SolutionProperties) = preSolution
		HideSolutionNode = FALSE
	EndGlobalSection
	GlobalSection(ExtensibilityGlobals) = postSolution
		SolutionGuid = {4CF4FB7E-9D80-4130-BA93-FC742F5E99AC}
	EndGlobalSection
EndGlobal
